// !$*UTF8*$!
{
	archiveVersion = 1;
	classes = {
	};
	objectVersion = 50;
	objects = {

/* Begin PBXBuildFile section */
		7447D2AE97D788BBF0331CE4 /* Pods_CloudImageClipboardUITests.framework in Frameworks */ = {isa = PBXBuildFile; fileRef = 5495B3EF0CCD726193B004A4 /* Pods_CloudImageClipboardUITests.framework */; };
		83A7B7DBEC55C34B3BCD31E9 /* Pods_CloudImageClipboardTests.framework in Frameworks */ = {isa = PBXBuildFile; fileRef = 0A72632305575F9D948FDF32 /* Pods_CloudImageClipboardTests.framework */; };
		A5BE57C61E56DF37DB8DF785 /* Pods_CloudImageClipboard.framework in Frameworks */ = {isa = PBXBuildFile; fileRef = D0D22936378FD1462BD7F02C /* Pods_CloudImageClipboard.framework */; };
		B1868DDD210660B0002AFBB3 /* AppDelegate.swift in Sources */ = {isa = PBXBuildFile; fileRef = B1868DDC210660B0002AFBB3 /* AppDelegate.swift */; };
		B1868DDF210660B0002AFBB3 /* ViewController.swift in Sources */ = {isa = PBXBuildFile; fileRef = B1868DDE210660B0002AFBB3 /* ViewController.swift */; };
		B1868DE2210660B0002AFBB3 /* Main.storyboard in Resources */ = {isa = PBXBuildFile; fileRef = B1868DE0210660B0002AFBB3 /* Main.storyboard */; };
		B1868DE5210660B0002AFBB3 /* CloudImageClipboard.xcdatamodeld in Sources */ = {isa = PBXBuildFile; fileRef = B1868DE3210660B0002AFBB3 /* CloudImageClipboard.xcdatamodeld */; };
		B1868DE7210660B0002AFBB3 /* Assets.xcassets in Resources */ = {isa = PBXBuildFile; fileRef = B1868DE6210660B0002AFBB3 /* Assets.xcassets */; };
		B1868DEA210660B0002AFBB3 /* LaunchScreen.storyboard in Resources */ = {isa = PBXBuildFile; fileRef = B1868DE8210660B0002AFBB3 /* LaunchScreen.storyboard */; };
		B1868DF5210660B1002AFBB3 /* CloudImageClipboardTests.swift in Sources */ = {isa = PBXBuildFile; fileRef = B1868DF4210660B1002AFBB3 /* CloudImageClipboardTests.swift */; };
		B1868E00210660B1002AFBB3 /* CloudImageClipboardUITests.swift in Sources */ = {isa = PBXBuildFile; fileRef = B1868DFF210660B1002AFBB3 /* CloudImageClipboardUITests.swift */; };
		B1DADFBA21066AA700223CD1 /* Constants.swift in Sources */ = {isa = PBXBuildFile; fileRef = B1DADFB921066AA700223CD1 /* Constants.swift */; };
/* End PBXBuildFile section */

/* Begin PBXContainerItemProxy section */
		B1868DF1210660B1002AFBB3 /* PBXContainerItemProxy */ = {
			isa = PBXContainerItemProxy;
			containerPortal = B1868DD1210660B0002AFBB3 /* Project object */;
			proxyType = 1;
			remoteGlobalIDString = B1868DD8210660B0002AFBB3;
			remoteInfo = CloudImageClipboard;
		};
		B1868DFC210660B1002AFBB3 /* PBXContainerItemProxy */ = {
			isa = PBXContainerItemProxy;
			containerPortal = B1868DD1210660B0002AFBB3 /* Project object */;
			proxyType = 1;
			remoteGlobalIDString = B1868DD8210660B0002AFBB3;
			remoteInfo = CloudImageClipboard;
		};
/* End PBXContainerItemProxy section */

/* Begin PBXFileReference section */
		0A72632305575F9D948FDF32 /* Pods_CloudImageClipboardTests.framework */ = {isa = PBXFileReference; explicitFileType = wrapper.framework; includeInIndex = 0; path = Pods_CloudImageClipboardTests.framework; sourceTree = BUILT_PRODUCTS_DIR; };
		4A5E36A85676F2ED70FFEB89 /* Pods-CloudImageClipboardUITests.release.xcconfig */ = {isa = PBXFileReference; includeInIndex = 1; lastKnownFileType = text.xcconfig; name = "Pods-CloudImageClipboardUITests.release.xcconfig"; path = "Pods/Target Support Files/Pods-CloudImageClipboardUITests/Pods-CloudImageClipboardUITests.release.xcconfig"; sourceTree = "<group>"; };
		4DF49EE5E7E5B4E9B6275443 /* Pods-CloudImageClipboard.debug.xcconfig */ = {isa = PBXFileReference; includeInIndex = 1; lastKnownFileType = text.xcconfig; name = "Pods-CloudImageClipboard.debug.xcconfig"; path = "Pods/Target Support Files/Pods-CloudImageClipboard/Pods-CloudImageClipboard.debug.xcconfig"; sourceTree = "<group>"; };
		5495B3EF0CCD726193B004A4 /* Pods_CloudImageClipboardUITests.framework */ = {isa = PBXFileReference; explicitFileType = wrapper.framework; includeInIndex = 0; path = Pods_CloudImageClipboardUITests.framework; sourceTree = BUILT_PRODUCTS_DIR; };
		6366C854DB27A0F6BE92B7AA /* Pods-CloudImageClipboard.release.xcconfig */ = {isa = PBXFileReference; includeInIndex = 1; lastKnownFileType = text.xcconfig; name = "Pods-CloudImageClipboard.release.xcconfig"; path = "Pods/Target Support Files/Pods-CloudImageClipboard/Pods-CloudImageClipboard.release.xcconfig"; sourceTree = "<group>"; };
		ADA013E25708ACE346EBD1A2 /* Pods-CloudImageClipboardTests.debug.xcconfig */ = {isa = PBXFileReference; includeInIndex = 1; lastKnownFileType = text.xcconfig; name = "Pods-CloudImageClipboardTests.debug.xcconfig"; path = "Pods/Target Support Files/Pods-CloudImageClipboardTests/Pods-CloudImageClipboardTests.debug.xcconfig"; sourceTree = "<group>"; };
		AFF02F8AC7A6B8812704736D /* Pods-CloudImageClipboardTests.release.xcconfig */ = {isa = PBXFileReference; includeInIndex = 1; lastKnownFileType = text.xcconfig; name = "Pods-CloudImageClipboardTests.release.xcconfig"; path = "Pods/Target Support Files/Pods-CloudImageClipboardTests/Pods-CloudImageClipboardTests.release.xcconfig"; sourceTree = "<group>"; };
		B1868DD9210660B0002AFBB3 /* CloudImageClipboard.app */ = {isa = PBXFileReference; explicitFileType = wrapper.application; includeInIndex = 0; path = CloudImageClipboard.app; sourceTree = BUILT_PRODUCTS_DIR; };
		B1868DDC210660B0002AFBB3 /* AppDelegate.swift */ = {isa = PBXFileReference; lastKnownFileType = sourcecode.swift; path = AppDelegate.swift; sourceTree = "<group>"; };
		B1868DDE210660B0002AFBB3 /* ViewController.swift */ = {isa = PBXFileReference; lastKnownFileType = sourcecode.swift; path = ViewController.swift; sourceTree = "<group>"; };
		B1868DE1210660B0002AFBB3 /* Base */ = {isa = PBXFileReference; lastKnownFileType = file.storyboard; name = Base; path = Base.lproj/Main.storyboard; sourceTree = "<group>"; };
		B1868DE4210660B0002AFBB3 /* CloudImageClipboard.xcdatamodel */ = {isa = PBXFileReference; lastKnownFileType = wrapper.xcdatamodel; path = CloudImageClipboard.xcdatamodel; sourceTree = "<group>"; };
		B1868DE6210660B0002AFBB3 /* Assets.xcassets */ = {isa = PBXFileReference; lastKnownFileType = folder.assetcatalog; path = Assets.xcassets; sourceTree = "<group>"; };
		B1868DE9210660B0002AFBB3 /* Base */ = {isa = PBXFileReference; lastKnownFileType = file.storyboard; name = Base; path = Base.lproj/LaunchScreen.storyboard; sourceTree = "<group>"; };
		B1868DEB210660B0002AFBB3 /* Info.plist */ = {isa = PBXFileReference; lastKnownFileType = text.plist.xml; path = Info.plist; sourceTree = "<group>"; };
		B1868DF0210660B1002AFBB3 /* CloudImageClipboardTests.xctest */ = {isa = PBXFileReference; explicitFileType = wrapper.cfbundle; includeInIndex = 0; path = CloudImageClipboardTests.xctest; sourceTree = BUILT_PRODUCTS_DIR; };
		B1868DF4210660B1002AFBB3 /* CloudImageClipboardTests.swift */ = {isa = PBXFileReference; lastKnownFileType = sourcecode.swift; path = CloudImageClipboardTests.swift; sourceTree = "<group>"; };
		B1868DF6210660B1002AFBB3 /* Info.plist */ = {isa = PBXFileReference; lastKnownFileType = text.plist.xml; path = Info.plist; sourceTree = "<group>"; };
		B1868DFB210660B1002AFBB3 /* CloudImageClipboardUITests.xctest */ = {isa = PBXFileReference; explicitFileType = wrapper.cfbundle; includeInIndex = 0; path = CloudImageClipboardUITests.xctest; sourceTree = BUILT_PRODUCTS_DIR; };
		B1868DFF210660B1002AFBB3 /* CloudImageClipboardUITests.swift */ = {isa = PBXFileReference; lastKnownFileType = sourcecode.swift; path = CloudImageClipboardUITests.swift; sourceTree = "<group>"; };
		B1868E01210660B1002AFBB3 /* Info.plist */ = {isa = PBXFileReference; lastKnownFileType = text.plist.xml; path = Info.plist; sourceTree = "<group>"; };
		B1DADFB921066AA700223CD1 /* Constants.swift */ = {isa = PBXFileReference; lastKnownFileType = sourcecode.swift; path = Constants.swift; sourceTree = "<group>"; };
		D0D22936378FD1462BD7F02C /* Pods_CloudImageClipboard.framework */ = {isa = PBXFileReference; explicitFileType = wrapper.framework; includeInIndex = 0; path = Pods_CloudImageClipboard.framework; sourceTree = BUILT_PRODUCTS_DIR; };
		D3851A32C527196BF1C698C3 /* Pods-CloudImageClipboardUITests.debug.xcconfig */ = {isa = PBXFileReference; includeInIndex = 1; lastKnownFileType = text.xcconfig; name = "Pods-CloudImageClipboardUITests.debug.xcconfig"; path = "Pods/Target Support Files/Pods-CloudImageClipboardUITests/Pods-CloudImageClipboardUITests.debug.xcconfig"; sourceTree = "<group>"; };
/* End PBXFileReference section */

/* Begin PBXFrameworksBuildPhase section */
		B1868DD6210660B0002AFBB3 /* Frameworks */ = {
			isa = PBXFrameworksBuildPhase;
			buildActionMask = 2147483647;
			files = (
				A5BE57C61E56DF37DB8DF785 /* Pods_CloudImageClipboard.framework in Frameworks */,
			);
			runOnlyForDeploymentPostprocessing = 0;
		};
		B1868DED210660B1002AFBB3 /* Frameworks */ = {
			isa = PBXFrameworksBuildPhase;
			buildActionMask = 2147483647;
			files = (
				83A7B7DBEC55C34B3BCD31E9 /* Pods_CloudImageClipboardTests.framework in Frameworks */,
			);
			runOnlyForDeploymentPostprocessing = 0;
		};
		B1868DF8210660B1002AFBB3 /* Frameworks */ = {
			isa = PBXFrameworksBuildPhase;
			buildActionMask = 2147483647;
			files = (
				7447D2AE97D788BBF0331CE4 /* Pods_CloudImageClipboardUITests.framework in Frameworks */,
			);
			runOnlyForDeploymentPostprocessing = 0;
		};
/* End PBXFrameworksBuildPhase section */

/* Begin PBXGroup section */
		68B55A01AAA6A816FD585682 /* Pods */ = {
			isa = PBXGroup;
			children = (
				4DF49EE5E7E5B4E9B6275443 /* Pods-CloudImageClipboard.debug.xcconfig */,
				6366C854DB27A0F6BE92B7AA /* Pods-CloudImageClipboard.release.xcconfig */,
				ADA013E25708ACE346EBD1A2 /* Pods-CloudImageClipboardTests.debug.xcconfig */,
				AFF02F8AC7A6B8812704736D /* Pods-CloudImageClipboardTests.release.xcconfig */,
				D3851A32C527196BF1C698C3 /* Pods-CloudImageClipboardUITests.debug.xcconfig */,
				4A5E36A85676F2ED70FFEB89 /* Pods-CloudImageClipboardUITests.release.xcconfig */,
			);
			name = Pods;
			sourceTree = "<group>";
		};
		B1868DD0210660AF002AFBB3 = {
			isa = PBXGroup;
			children = (
				B1868DDB210660B0002AFBB3 /* CloudImageClipboard */,
				B1868DF3210660B1002AFBB3 /* CloudImageClipboardTests */,
				B1868DFE210660B1002AFBB3 /* CloudImageClipboardUITests */,
				B1868DDA210660B0002AFBB3 /* Products */,
				68B55A01AAA6A816FD585682 /* Pods */,
				F9434CA79011E3FB0D42AFCC /* Frameworks */,
			);
			sourceTree = "<group>";
		};
		B1868DDA210660B0002AFBB3 /* Products */ = {
			isa = PBXGroup;
			children = (
				B1868DD9210660B0002AFBB3 /* CloudImageClipboard.app */,
				B1868DF0210660B1002AFBB3 /* CloudImageClipboardTests.xctest */,
				B1868DFB210660B1002AFBB3 /* CloudImageClipboardUITests.xctest */,
			);
			name = Products;
			sourceTree = "<group>";
		};
		B1868DDB210660B0002AFBB3 /* CloudImageClipboard */ = {
			isa = PBXGroup;
			children = (
				B1868DDC210660B0002AFBB3 /* AppDelegate.swift */,
				B1868DDE210660B0002AFBB3 /* ViewController.swift */,
				B1868DE0210660B0002AFBB3 /* Main.storyboard */,
				B1868DE6210660B0002AFBB3 /* Assets.xcassets */,
				B1868DE8210660B0002AFBB3 /* LaunchScreen.storyboard */,
				B1868DEB210660B0002AFBB3 /* Info.plist */,
				B1868DE3210660B0002AFBB3 /* CloudImageClipboard.xcdatamodeld */,
				B1DADFB921066AA700223CD1 /* Constants.swift */,
			);
			path = CloudImageClipboard;
			sourceTree = "<group>";
		};
		B1868DF3210660B1002AFBB3 /* CloudImageClipboardTests */ = {
			isa = PBXGroup;
			children = (
				B1868DF4210660B1002AFBB3 /* CloudImageClipboardTests.swift */,
				B1868DF6210660B1002AFBB3 /* Info.plist */,
			);
			path = CloudImageClipboardTests;
			sourceTree = "<group>";
		};
		B1868DFE210660B1002AFBB3 /* CloudImageClipboardUITests */ = {
			isa = PBXGroup;
			children = (
				B1868DFF210660B1002AFBB3 /* CloudImageClipboardUITests.swift */,
				B1868E01210660B1002AFBB3 /* Info.plist */,
			);
			path = CloudImageClipboardUITests;
			sourceTree = "<group>";
		};
		F9434CA79011E3FB0D42AFCC /* Frameworks */ = {
			isa = PBXGroup;
			children = (
				D0D22936378FD1462BD7F02C /* Pods_CloudImageClipboard.framework */,
				0A72632305575F9D948FDF32 /* Pods_CloudImageClipboardTests.framework */,
				5495B3EF0CCD726193B004A4 /* Pods_CloudImageClipboardUITests.framework */,
			);
			name = Frameworks;
			sourceTree = "<group>";
		};
/* End PBXGroup section */

/* Begin PBXNativeTarget section */
		B1868DD8210660B0002AFBB3 /* CloudImageClipboard */ = {
			isa = PBXNativeTarget;
			buildConfigurationList = B1868E04210660B1002AFBB3 /* Build configuration list for PBXNativeTarget "CloudImageClipboard" */;
			buildPhases = (
				8432AD148AB102DD9E42AFFC /* [CP] Check Pods Manifest.lock */,
				B1868DD5210660B0002AFBB3 /* Sources */,
				B1868DD6210660B0002AFBB3 /* Frameworks */,
				B1868DD7210660B0002AFBB3 /* Resources */,
				852C630113952472EEB59CCA /* [CP] Embed Pods Frameworks */,
			);
			buildRules = (
			);
			dependencies = (
			);
			name = CloudImageClipboard;
			productName = CloudImageClipboard;
			productReference = B1868DD9210660B0002AFBB3 /* CloudImageClipboard.app */;
			productType = "com.apple.product-type.application";
		};
		B1868DEF210660B1002AFBB3 /* CloudImageClipboardTests */ = {
			isa = PBXNativeTarget;
			buildConfigurationList = B1868E07210660B1002AFBB3 /* Build configuration list for PBXNativeTarget "CloudImageClipboardTests" */;
			buildPhases = (
				DFB7B647054B0B92ADFACD00 /* [CP] Check Pods Manifest.lock */,
				B1868DEC210660B1002AFBB3 /* Sources */,
				B1868DED210660B1002AFBB3 /* Frameworks */,
				B1868DEE210660B1002AFBB3 /* Resources */,
			);
			buildRules = (
			);
			dependencies = (
				B1868DF2210660B1002AFBB3 /* PBXTargetDependency */,
			);
			name = CloudImageClipboardTests;
			productName = CloudImageClipboardTests;
			productReference = B1868DF0210660B1002AFBB3 /* CloudImageClipboardTests.xctest */;
			productType = "com.apple.product-type.bundle.unit-test";
		};
		B1868DFA210660B1002AFBB3 /* CloudImageClipboardUITests */ = {
			isa = PBXNativeTarget;
			buildConfigurationList = B1868E0A210660B1002AFBB3 /* Build configuration list for PBXNativeTarget "CloudImageClipboardUITests" */;
			buildPhases = (
				3B3DBE52174C81B06ABA1402 /* [CP] Check Pods Manifest.lock */,
				B1868DF7210660B1002AFBB3 /* Sources */,
				B1868DF8210660B1002AFBB3 /* Frameworks */,
				B1868DF9210660B1002AFBB3 /* Resources */,
			);
			buildRules = (
			);
			dependencies = (
				B1868DFD210660B1002AFBB3 /* PBXTargetDependency */,
			);
			name = CloudImageClipboardUITests;
			productName = CloudImageClipboardUITests;
			productReference = B1868DFB210660B1002AFBB3 /* CloudImageClipboardUITests.xctest */;
			productType = "com.apple.product-type.bundle.ui-testing";
		};
/* End PBXNativeTarget section */

/* Begin PBXProject section */
		B1868DD1210660B0002AFBB3 /* Project object */ = {
			isa = PBXProject;
			attributes = {
				LastSwiftUpdateCheck = 0940;
				LastUpgradeCheck = 0940;
				ORGANIZATIONNAME = "Studio VN";
				TargetAttributes = {
					B1868DD8210660B0002AFBB3 = {
						CreatedOnToolsVersion = 9.4.1;
					};
					B1868DEF210660B1002AFBB3 = {
						CreatedOnToolsVersion = 9.4.1;
						TestTargetID = B1868DD8210660B0002AFBB3;
					};
					B1868DFA210660B1002AFBB3 = {
						CreatedOnToolsVersion = 9.4.1;
						TestTargetID = B1868DD8210660B0002AFBB3;
					};
				};
			};
			buildConfigurationList = B1868DD4210660B0002AFBB3 /* Build configuration list for PBXProject "CloudImageClipboard" */;
			compatibilityVersion = "Xcode 9.3";
			developmentRegion = en;
			hasScannedForEncodings = 0;
			knownRegions = (
				en,
				Base,
			);
			mainGroup = B1868DD0210660AF002AFBB3;
			productRefGroup = B1868DDA210660B0002AFBB3 /* Products */;
			projectDirPath = "";
			projectRoot = "";
			targets = (
				B1868DD8210660B0002AFBB3 /* CloudImageClipboard */,
				B1868DEF210660B1002AFBB3 /* CloudImageClipboardTests */,
				B1868DFA210660B1002AFBB3 /* CloudImageClipboardUITests */,
			);
		};
/* End PBXProject section */

/* Begin PBXResourcesBuildPhase section */
		B1868DD7210660B0002AFBB3 /* Resources */ = {
			isa = PBXResourcesBuildPhase;
			buildActionMask = 2147483647;
			files = (
				B1868DEA210660B0002AFBB3 /* LaunchScreen.storyboard in Resources */,
				B1868DE7210660B0002AFBB3 /* Assets.xcassets in Resources */,
				B1868DE2210660B0002AFBB3 /* Main.storyboard in Resources */,
			);
			runOnlyForDeploymentPostprocessing = 0;
		};
		B1868DEE210660B1002AFBB3 /* Resources */ = {
			isa = PBXResourcesBuildPhase;
			buildActionMask = 2147483647;
			files = (
			);
			runOnlyForDeploymentPostprocessing = 0;
		};
		B1868DF9210660B1002AFBB3 /* Resources */ = {
			isa = PBXResourcesBuildPhase;
			buildActionMask = 2147483647;
			files = (
			);
			runOnlyForDeploymentPostprocessing = 0;
		};
/* End PBXResourcesBuildPhase section */

/* Begin PBXShellScriptBuildPhase section */
		3B3DBE52174C81B06ABA1402 /* [CP] Check Pods Manifest.lock */ = {
			isa = PBXShellScriptBuildPhase;
			buildActionMask = 2147483647;
			files = (
			);
			inputPaths = (
				"${PODS_PODFILE_DIR_PATH}/Podfile.lock",
				"${PODS_ROOT}/Manifest.lock",
			);
			name = "[CP] Check Pods Manifest.lock";
			outputPaths = (
				"$(DERIVED_FILE_DIR)/Pods-CloudImageClipboardUITests-checkManifestLockResult.txt",
			);
			runOnlyForDeploymentPostprocessing = 0;
			shellPath = /bin/sh;
			shellScript = "diff \"${PODS_PODFILE_DIR_PATH}/Podfile.lock\" \"${PODS_ROOT}/Manifest.lock\" > /dev/null\nif [ $? != 0 ] ; then\n    # print error to STDERR\n    echo \"error: The sandbox is not in sync with the Podfile.lock. Run 'pod install' or update your CocoaPods installation.\" >&2\n    exit 1\nfi\n# This output is used by Xcode 'outputs' to avoid re-running this script phase.\necho \"SUCCESS\" > \"${SCRIPT_OUTPUT_FILE_0}\"\n";
			showEnvVarsInLog = 0;
		};
		8432AD148AB102DD9E42AFFC /* [CP] Check Pods Manifest.lock */ = {
			isa = PBXShellScriptBuildPhase;
			buildActionMask = 2147483647;
			files = (
			);
			inputPaths = (
				"${PODS_PODFILE_DIR_PATH}/Podfile.lock",
				"${PODS_ROOT}/Manifest.lock",
			);
			name = "[CP] Check Pods Manifest.lock";
			outputPaths = (
				"$(DERIVED_FILE_DIR)/Pods-CloudImageClipboard-checkManifestLockResult.txt",
			);
			runOnlyForDeploymentPostprocessing = 0;
			shellPath = /bin/sh;
			shellScript = "diff \"${PODS_PODFILE_DIR_PATH}/Podfile.lock\" \"${PODS_ROOT}/Manifest.lock\" > /dev/null\nif [ $? != 0 ] ; then\n    # print error to STDERR\n    echo \"error: The sandbox is not in sync with the Podfile.lock. Run 'pod install' or update your CocoaPods installation.\" >&2\n    exit 1\nfi\n# This output is used by Xcode 'outputs' to avoid re-running this script phase.\necho \"SUCCESS\" > \"${SCRIPT_OUTPUT_FILE_0}\"\n";
			showEnvVarsInLog = 0;
		};
		852C630113952472EEB59CCA /* [CP] Embed Pods Frameworks */ = {
			isa = PBXShellScriptBuildPhase;
			buildActionMask = 2147483647;
			files = (
			);
			inputPaths = (
				"${SRCROOT}/Pods/Target Support Files/Pods-CloudImageClipboard/Pods-CloudImageClipboard-frameworks.sh",
				"${BUILT_PRODUCTS_DIR}/OAuthSwift/OAuthSwift.framework",
			);
			name = "[CP] Embed Pods Frameworks";
			outputPaths = (
				"${TARGET_BUILD_DIR}/${FRAMEWORKS_FOLDER_PATH}/OAuthSwift.framework",
			);
			runOnlyForDeploymentPostprocessing = 0;
			shellPath = /bin/sh;
			shellScript = "\"${SRCROOT}/Pods/Target Support Files/Pods-CloudImageClipboard/Pods-CloudImageClipboard-frameworks.sh\"\n";
			showEnvVarsInLog = 0;
		};
		DFB7B647054B0B92ADFACD00 /* [CP] Check Pods Manifest.lock */ = {
			isa = PBXShellScriptBuildPhase;
			buildActionMask = 2147483647;
			files = (
			);
			inputPaths = (
				"${PODS_PODFILE_DIR_PATH}/Podfile.lock",
				"${PODS_ROOT}/Manifest.lock",
			);
			name = "[CP] Check Pods Manifest.lock";
			outputPaths = (
				"$(DERIVED_FILE_DIR)/Pods-CloudImageClipboardTests-checkManifestLockResult.txt",
			);
			runOnlyForDeploymentPostprocessing = 0;
			shellPath = /bin/sh;
			shellScript = "diff \"${PODS_PODFILE_DIR_PATH}/Podfile.lock\" \"${PODS_ROOT}/Manifest.lock\" > /dev/null\nif [ $? != 0 ] ; then\n    # print error to STDERR\n    echo \"error: The sandbox is not in sync with the Podfile.lock. Run 'pod install' or update your CocoaPods installation.\" >&2\n    exit 1\nfi\n# This output is used by Xcode 'outputs' to avoid re-running this script phase.\necho \"SUCCESS\" > \"${SCRIPT_OUTPUT_FILE_0}\"\n";
			showEnvVarsInLog = 0;
		};
/* End PBXShellScriptBuildPhase section */

/* Begin PBXSourcesBuildPhase section */
		B1868DD5210660B0002AFBB3 /* Sources */ = {
			isa = PBXSourcesBuildPhase;
			buildActionMask = 2147483647;
			files = (
				B1868DE5210660B0002AFBB3 /* CloudImageClipboard.xcdatamodeld in Sources */,
				B1868DDF210660B0002AFBB3 /* ViewController.swift in Sources */,
				B1868DDD210660B0002AFBB3 /* AppDelegate.swift in Sources */,
				B1DADFBA21066AA700223CD1 /* Constants.swift in Sources */,
			);
			runOnlyForDeploymentPostprocessing = 0;
		};
		B1868DEC210660B1002AFBB3 /* Sources */ = {
			isa = PBXSourcesBuildPhase;
			buildActionMask = 2147483647;
			files = (
				B1868DF5210660B1002AFBB3 /* CloudImageClipboardTests.swift in Sources */,
			);
			runOnlyForDeploymentPostprocessing = 0;
		};
		B1868DF7210660B1002AFBB3 /* Sources */ = {
			isa = PBXSourcesBuildPhase;
			buildActionMask = 2147483647;
			files = (
				B1868E00210660B1002AFBB3 /* CloudImageClipboardUITests.swift in Sources */,
			);
			runOnlyForDeploymentPostprocessing = 0;
		};
/* End PBXSourcesBuildPhase section */

/* Begin PBXTargetDependency section */
		B1868DF2210660B1002AFBB3 /* PBXTargetDependency */ = {
			isa = PBXTargetDependency;
			target = B1868DD8210660B0002AFBB3 /* CloudImageClipboard */;
			targetProxy = B1868DF1210660B1002AFBB3 /* PBXContainerItemProxy */;
		};
		B1868DFD210660B1002AFBB3 /* PBXTargetDependency */ = {
			isa = PBXTargetDependency;
			target = B1868DD8210660B0002AFBB3 /* CloudImageClipboard */;
			targetProxy = B1868DFC210660B1002AFBB3 /* PBXContainerItemProxy */;
		};
/* End PBXTargetDependency section */

/* Begin PBXVariantGroup section */
		B1868DE0210660B0002AFBB3 /* Main.storyboard */ = {
			isa = PBXVariantGroup;
			children = (
				B1868DE1210660B0002AFBB3 /* Base */,
			);
			name = Main.storyboard;
			sourceTree = "<group>";
		};
		B1868DE8210660B0002AFBB3 /* LaunchScreen.storyboard */ = {
			isa = PBXVariantGroup;
			children = (
				B1868DE9210660B0002AFBB3 /* Base */,
			);
			name = LaunchScreen.storyboard;
			sourceTree = "<group>";
		};
/* End PBXVariantGroup section */

/* Begin XCBuildConfiguration section */
		B1868E02210660B1002AFBB3 /* Debug */ = {
			isa = XCBuildConfiguration;
			buildSettings = {
				ALWAYS_SEARCH_USER_PATHS = NO;
				CLANG_ANALYZER_NONNULL = YES;
				CLANG_ANALYZER_NUMBER_OBJECT_CONVERSION = YES_AGGRESSIVE;
				CLANG_CXX_LANGUAGE_STANDARD = "gnu++14";
				CLANG_CXX_LIBRARY = "libc++";
				CLANG_ENABLE_MODULES = YES;
				CLANG_ENABLE_OBJC_ARC = YES;
				CLANG_ENABLE_OBJC_WEAK = YES;
				CLANG_WARN_BLOCK_CAPTURE_AUTORELEASING = YES;
				CLANG_WARN_BOOL_CONVERSION = YES;
				CLANG_WARN_COMMA = YES;
				CLANG_WARN_CONSTANT_CONVERSION = YES;
				CLANG_WARN_DEPRECATED_OBJC_IMPLEMENTATIONS = YES;
				CLANG_WARN_DIRECT_OBJC_ISA_USAGE = YES_ERROR;
				CLANG_WARN_DOCUMENTATION_COMMENTS = YES;
				CLANG_WARN_EMPTY_BODY = YES;
				CLANG_WARN_ENUM_CONVERSION = YES;
				CLANG_WARN_INFINITE_RECURSION = YES;
				CLANG_WARN_INT_CONVERSION = YES;
				CLANG_WARN_NON_LITERAL_NULL_CONVERSION = YES;
				CLANG_WARN_OBJC_IMPLICIT_RETAIN_SELF = YES;
				CLANG_WARN_OBJC_LITERAL_CONVERSION = YES;
				CLANG_WARN_OBJC_ROOT_CLASS = YES_ERROR;
				CLANG_WARN_RANGE_LOOP_ANALYSIS = YES;
				CLANG_WARN_STRICT_PROTOTYPES = YES;
				CLANG_WARN_SUSPICIOUS_MOVE = YES;
				CLANG_WARN_UNGUARDED_AVAILABILITY = YES_AGGRESSIVE;
				CLANG_WARN_UNREACHABLE_CODE = YES;
				CLANG_WARN__DUPLICATE_METHOD_MATCH = YES;
				CODE_SIGN_IDENTITY = "iPhone Developer";
				COPY_PHASE_STRIP = NO;
				DEBUG_INFORMATION_FORMAT = dwarf;
				ENABLE_STRICT_OBJC_MSGSEND = YES;
				ENABLE_TESTABILITY = YES;
				GCC_C_LANGUAGE_STANDARD = gnu11;
				GCC_DYNAMIC_NO_PIC = NO;
				GCC_NO_COMMON_BLOCKS = YES;
				GCC_OPTIMIZATION_LEVEL = 0;
				GCC_PREPROCESSOR_DEFINITIONS = (
					"DEBUG=1",
					"$(inherited)",
				);
				GCC_WARN_64_TO_32_BIT_CONVERSION = YES;
				GCC_WARN_ABOUT_RETURN_TYPE = YES_ERROR;
				GCC_WARN_UNDECLARED_SELECTOR = YES;
				GCC_WARN_UNINITIALIZED_AUTOS = YES_AGGRESSIVE;
				GCC_WARN_UNUSED_FUNCTION = YES;
				GCC_WARN_UNUSED_VARIABLE = YES;
				IPHONEOS_DEPLOYMENT_TARGET = 11.4;
				MTL_ENABLE_DEBUG_INFO = YES;
				ONLY_ACTIVE_ARCH = YES;
				SDKROOT = iphoneos;
				SWIFT_ACTIVE_COMPILATION_CONDITIONS = DEBUG;
				SWIFT_OPTIMIZATION_LEVEL = "-Onone";
			};
			name = Debug;
		};
		B1868E03210660B1002AFBB3 /* Release */ = {
			isa = XCBuildConfiguration;
			buildSettings = {
				ALWAYS_SEARCH_USER_PATHS = NO;
				CLANG_ANALYZER_NONNULL = YES;
				CLANG_ANALYZER_NUMBER_OBJECT_CONVERSION = YES_AGGRESSIVE;
				CLANG_CXX_LANGUAGE_STANDARD = "gnu++14";
				CLANG_CXX_LIBRARY = "libc++";
				CLANG_ENABLE_MODULES = YES;
				CLANG_ENABLE_OBJC_ARC = YES;
				CLANG_ENABLE_OBJC_WEAK = YES;
				CLANG_WARN_BLOCK_CAPTURE_AUTORELEASING = YES;
				CLANG_WARN_BOOL_CONVERSION = YES;
				CLANG_WARN_COMMA = YES;
				CLANG_WARN_CONSTANT_CONVERSION = YES;
				CLANG_WARN_DEPRECATED_OBJC_IMPLEMENTATIONS = YES;
				CLANG_WARN_DIRECT_OBJC_ISA_USAGE = YES_ERROR;
				CLANG_WARN_DOCUMENTATION_COMMENTS = YES;
				CLANG_WARN_EMPTY_BODY = YES;
				CLANG_WARN_ENUM_CONVERSION = YES;
				CLANG_WARN_INFINITE_RECURSION = YES;
				CLANG_WARN_INT_CONVERSION = YES;
				CLANG_WARN_NON_LITERAL_NULL_CONVERSION = YES;
				CLANG_WARN_OBJC_IMPLICIT_RETAIN_SELF = YES;
				CLANG_WARN_OBJC_LITERAL_CONVERSION = YES;
				CLANG_WARN_OBJC_ROOT_CLASS = YES_ERROR;
				CLANG_WARN_RANGE_LOOP_ANALYSIS = YES;
				CLANG_WARN_STRICT_PROTOTYPES = YES;
				CLANG_WARN_SUSPICIOUS_MOVE = YES;
				CLANG_WARN_UNGUARDED_AVAILABILITY = YES_AGGRESSIVE;
				CLANG_WARN_UNREACHABLE_CODE = YES;
				CLANG_WARN__DUPLICATE_METHOD_MATCH = YES;
				CODE_SIGN_IDENTITY = "iPhone Developer";
				COPY_PHASE_STRIP = NO;
				DEBUG_INFORMATION_FORMAT = "dwarf-with-dsym";
				ENABLE_NS_ASSERTIONS = NO;
				ENABLE_STRICT_OBJC_MSGSEND = YES;
				GCC_C_LANGUAGE_STANDARD = gnu11;
				GCC_NO_COMMON_BLOCKS = YES;
				GCC_WARN_64_TO_32_BIT_CONVERSION = YES;
				GCC_WARN_ABOUT_RETURN_TYPE = YES_ERROR;
				GCC_WARN_UNDECLARED_SELECTOR = YES;
				GCC_WARN_UNINITIALIZED_AUTOS = YES_AGGRESSIVE;
				GCC_WARN_UNUSED_FUNCTION = YES;
				GCC_WARN_UNUSED_VARIABLE = YES;
				IPHONEOS_DEPLOYMENT_TARGET = 11.4;
				MTL_ENABLE_DEBUG_INFO = NO;
				SDKROOT = iphoneos;
				SWIFT_COMPILATION_MODE = wholemodule;
				SWIFT_OPTIMIZATION_LEVEL = "-O";
				VALIDATE_PRODUCT = YES;
			};
			name = Release;
		};
		B1868E05210660B1002AFBB3 /* Debug */ = {
			isa = XCBuildConfiguration;
			baseConfigurationReference = 4DF49EE5E7E5B4E9B6275443 /* Pods-CloudImageClipboard.debug.xcconfig */;
			buildSettings = {
				ASSETCATALOG_COMPILER_APPICON_NAME = AppIcon;
				CODE_SIGN_STYLE = Automatic;
				DEVELOPMENT_TEAM = RZDWN728BE;
				INFOPLIST_FILE = CloudImageClipboard/Info.plist;
				LD_RUNPATH_SEARCH_PATHS = (
					"$(inherited)",
					"@executable_path/Frameworks",
				);
				PRODUCT_BUNDLE_IDENTIFIER = com.StudioVN.CloudImageClipboard;
				PRODUCT_NAME = "$(TARGET_NAME)";
				SWIFT_VERSION = 4.0;
				TARGETED_DEVICE_FAMILY = "1,2";
			};
			name = Debug;
		};
		B1868E06210660B1002AFBB3 /* Release */ = {
			isa = XCBuildConfiguration;
			baseConfigurationReference = 6366C854DB27A0F6BE92B7AA /* Pods-CloudImageClipboard.release.xcconfig */;
			buildSettings = {
				ASSETCATALOG_COMPILER_APPICON_NAME = AppIcon;
				CODE_SIGN_STYLE = Automatic;
				DEVELOPMENT_TEAM = RZDWN728BE;
				INFOPLIST_FILE = CloudImageClipboard/Info.plist;
				LD_RUNPATH_SEARCH_PATHS = (
					"$(inherited)",
					"@executable_path/Frameworks",
				);
				PRODUCT_BUNDLE_IDENTIFIER = com.StudioVN.CloudImageClipboard;
				PRODUCT_NAME = "$(TARGET_NAME)";
				SWIFT_VERSION = 4.0;
				TARGETED_DEVICE_FAMILY = "1,2";
			};
			name = Release;
		};
		B1868E08210660B1002AFBB3 /* Debug */ = {
			isa = XCBuildConfiguration;
			baseConfigurationReference = ADA013E25708ACE346EBD1A2 /* Pods-CloudImageClipboardTests.debug.xcconfig */;
			buildSettings = {
				ALWAYS_EMBED_SWIFT_STANDARD_LIBRARIES = YES;
				BUNDLE_LOADER = "$(TEST_HOST)";
				CODE_SIGN_STYLE = Automatic;
				DEVELOPMENT_TEAM = RZDWN728BE;
				INFOPLIST_FILE = CloudImageClipboardTests/Info.plist;
				LD_RUNPATH_SEARCH_PATHS = (
					"$(inherited)",
					"@executable_path/Frameworks",
					"@loader_path/Frameworks",
				);
				PRODUCT_BUNDLE_IDENTIFIER = com.StudioVN.CloudImageClipboardTests;
				PRODUCT_NAME = "$(TARGET_NAME)";
				SWIFT_VERSION = 4.0;
				TARGETED_DEVICE_FAMILY = "1,2";
				TEST_HOST = "$(BUILT_PRODUCTS_DIR)/CloudImageClipboard.app/CloudImageClipboard";
			};
			name = Debug;
		};
		B1868E09210660B1002AFBB3 /* Release */ = {
			isa = XCBuildConfiguration;
			baseConfigurationReference = AFF02F8AC7A6B8812704736D /* Pods-CloudImageClipboardTests.release.xcconfig */;
			buildSettings = {
				ALWAYS_EMBED_SWIFT_STANDARD_LIBRARIES = YES;
				BUNDLE_LOADER = "$(TEST_HOST)";
				CODE_SIGN_STYLE = Automatic;
				DEVELOPMENT_TEAM = RZDWN728BE;
				INFOPLIST_FILE = CloudImageClipboardTests/Info.plist;
				LD_RUNPATH_SEARCH_PATHS = (
					"$(inherited)",
					"@executable_path/Frameworks",
					"@loader_path/Frameworks",
				);
				PRODUCT_BUNDLE_IDENTIFIER = com.StudioVN.CloudImageClipboardTests;
				PRODUCT_NAME = "$(TARGET_NAME)";
				SWIFT_VERSION = 4.0;
				TARGETED_DEVICE_FAMILY = "1,2";
				TEST_HOST = "$(BUILT_PRODUCTS_DIR)/CloudImageClipboard.app/CloudImageClipboard";
			};
			name = Release;
		};
		B1868E0B210660B1002AFBB3 /* Debug */ = {
			isa = XCBuildConfiguration;
			baseConfigurationReference = D3851A32C527196BF1C698C3 /* Pods-CloudImageClipboardUITests.debug.xcconfig */;
			buildSettings = {
				ALWAYS_EMBED_SWIFT_STANDARD_LIBRARIES = YES;
				CODE_SIGN_STYLE = Automatic;
				DEVELOPMENT_TEAM = RZDWN728BE;
				INFOPLIST_FILE = CloudImageClipboardUITests/Info.plist;
				LD_RUNPATH_SEARCH_PATHS = (
					"$(inherited)",
					"@executable_path/Frameworks",
					"@loader_path/Frameworks",
				);
				PRODUCT_BUNDLE_IDENTIFIER = com.StudioVN.CloudImageClipboardUITests;
				PRODUCT_NAME = "$(TARGET_NAME)";
				SWIFT_VERSION = 4.0;
				TARGETED_DEVICE_FAMILY = "1,2";
				TEST_TARGET_NAME = CloudImageClipboard;
			};
			name = Debug;
		};
		B1868E0C210660B1002AFBB3 /* Release */ = {
			isa = XCBuildConfiguration;
			baseConfigurationReference = 4A5E36A85676F2ED70FFEB89 /* Pods-CloudImageClipboardUITests.release.xcconfig */;
			buildSettings = {
				ALWAYS_EMBED_SWIFT_STANDARD_LIBRARIES = YES;
				CODE_SIGN_STYLE = Automatic;
				DEVELOPMENT_TEAM = RZDWN728BE;
				INFOPLIST_FILE = CloudImageClipboardUITests/Info.plist;
				LD_RUNPATH_SEARCH_PATHS = (
					"$(inherited)",
					"@executable_path/Frameworks",
					"@loader_path/Frameworks",
				);
				PRODUCT_BUNDLE_IDENTIFIER = com.StudioVN.CloudImageClipboardUITests;
				PRODUCT_NAME = "$(TARGET_NAME)";
				SWIFT_VERSION = 4.0;
				TARGETED_DEVICE_FAMILY = "1,2";
				TEST_TARGET_NAME = CloudImageClipboard;
			};
			name = Release;
		};
/* End XCBuildConfiguration section */

/* Begin XCConfigurationList section */
		B1868DD4210660B0002AFBB3 /* Build configuration list for PBXProject "CloudImageClipboard" */ = {
			isa = XCConfigurationList;
			buildConfigurations = (
				B1868E02210660B1002AFBB3 /* Debug */,
				B1868E03210660B1002AFBB3 /* Release */,
			);
			defaultConfigurationIsVisible = 0;
			defaultConfigurationName = Release;
		};
		B1868E04210660B1002AFBB3 /* Build configuration list for PBXNativeTarget "CloudImageClipboard" */ = {
			isa = XCConfigurationList;
			buildConfigurations = (
				B1868E05210660B1002AFBB3 /* Debug */,
				B1868E06210660B1002AFBB3 /* Release */,
			);
			defaultConfigurationIsVisible = 0;
			defaultConfigurationName = Release;
		};
		B1868E07210660B1002AFBB3 /* Build configuration list for PBXNativeTarget "CloudImageClipboardTests" */ = {
			isa = XCConfigurationList;
			buildConfigurations = (
				B1868E08210660B1002AFBB3 /* Debug */,
				B1868E09210660B1002AFBB3 /* Release */,
			);
			defaultConfigurationIsVisible = 0;
			defaultConfigurationName = Release;
		};
		B1868E0A210660B1002AFBB3 /* Build configuration list for PBXNativeTarget "CloudImageClipboardUITests" */ = {
			isa = XCConfigurationList;
			buildConfigurations = (
				B1868E0B210660B1002AFBB3 /* Debug */,
				B1868E0C210660B1002AFBB3 /* Release */,
			);
			defaultConfigurationIsVisible = 0;
			defaultConfigurationName = Release;
		};
/* End XCConfigurationList section */

/* Begin XCVersionGroup section */
		B1868DE3210660B0002AFBB3 /* CloudImageClipboard.xcdatamodeld */ = {
			isa = XCVersionGroup;
			children = (
				B1868DE4210660B0002AFBB3 /* CloudImageClipboard.xcdatamodel */,
			);
			currentVersion = B1868DE4210660B0002AFBB3 /* CloudImageClipboard.xcdatamodel */;
			path = CloudImageClipboard.xcdatamodeld;
			sourceTree = "<group>";
			versionGroupType = wrapper.xcdatamodel;
		};
/* End XCVersionGroup section */
	};
	rootObject = B1868DD1210660B0002AFBB3 /* Project object */;
}
